// !$*UTF8*$!
{
	archiveVersion = 1;
	classes = {
	};
	objectVersion = 51;
	objects = {

/* Begin PBXBuildFile section */
		0136512A2484887F00C3CE6C /* DisplayState.swift in Sources */ = {isa = PBXBuildFile; fileRef = 013651292484887F00C3CE6C /* DisplayState.swift */; };
		0136512F248488E000C3CE6C /* Pod.swift in Sources */ = {isa = PBXBuildFile; fileRef = 0136512E248488E000C3CE6C /* Pod.swift */; };
		01365131248488F200C3CE6C /* Following.swift in Sources */ = {isa = PBXBuildFile; fileRef = 01365130248488F200C3CE6C /* Following.swift */; };
		013651332484897D00C3CE6C /* HomeTableViewCell.swift in Sources */ = {isa = PBXBuildFile; fileRef = 013651322484897D00C3CE6C /* HomeTableViewCell.swift */; };
		01365135248489BA00C3CE6C /* ProfileTableViewCell.swift in Sources */ = {isa = PBXBuildFile; fileRef = 01365134248489BA00C3CE6C /* ProfileTableViewCell.swift */; };
		01365137248489F300C3CE6C /* FollowingTableViewCell.swift in Sources */ = {isa = PBXBuildFile; fileRef = 01365136248489F300C3CE6C /* FollowingTableViewCell.swift */; };
		0136513B24848CF400C3CE6C /* TabViewController.swift in Sources */ = {isa = PBXBuildFile; fileRef = 0136513A24848CF400C3CE6C /* TabViewController.swift */; };
		0136513F2484907800C3CE6C /* ImageViewExt.swift in Sources */ = {isa = PBXBuildFile; fileRef = 0136513E2484907800C3CE6C /* ImageViewExt.swift */; };
		013651412484909700C3CE6C /* BottomBorderButton.swift in Sources */ = {isa = PBXBuildFile; fileRef = 013651402484909700C3CE6C /* BottomBorderButton.swift */; };
		0149B32824709563003C35B2 /* AppDelegate.swift in Sources */ = {isa = PBXBuildFile; fileRef = 0149B32724709563003C35B2 /* AppDelegate.swift */; };
		0149B32A24709563003C35B2 /* SceneDelegate.swift in Sources */ = {isa = PBXBuildFile; fileRef = 0149B32924709563003C35B2 /* SceneDelegate.swift */; };
		0149B32C24709563003C35B2 /* HomeVC.swift in Sources */ = {isa = PBXBuildFile; fileRef = 0149B32B24709563003C35B2 /* HomeVC.swift */; };
		0149B32E24709563003C35B2 /* ProfileVc.swift in Sources */ = {isa = PBXBuildFile; fileRef = 0149B32D24709563003C35B2 /* ProfileVc.swift */; };
		0149B33124709563003C35B2 /* Main.storyboard in Resources */ = {isa = PBXBuildFile; fileRef = 0149B32F24709563003C35B2 /* Main.storyboard */; };
		0149B33324709567003C35B2 /* Assets.xcassets in Resources */ = {isa = PBXBuildFile; fileRef = 0149B33224709567003C35B2 /* Assets.xcassets */; };
		0149B33624709567003C35B2 /* LaunchScreen.storyboard in Resources */ = {isa = PBXBuildFile; fileRef = 0149B33424709567003C35B2 /* LaunchScreen.storyboard */; };
		0149B33E24709776003C35B2 /* SearchVC.swift in Sources */ = {isa = PBXBuildFile; fileRef = 0149B33D24709776003C35B2 /* SearchVC.swift */; };
		0149B342247097F0003C35B2 /* LoginVC.swift in Sources */ = {isa = PBXBuildFile; fileRef = 0149B341247097F0003C35B2 /* LoginVC.swift */; };
		0149B3442470980A003C35B2 /* AddPostVC.swift in Sources */ = {isa = PBXBuildFile; fileRef = 0149B3432470980A003C35B2 /* AddPostVC.swift */; };
		0149B3492470D165003C35B2 /* SignupVC.swift in Sources */ = {isa = PBXBuildFile; fileRef = 0149B3482470D165003C35B2 /* SignupVC.swift */; };
		0149B34C2470D19C003C35B2 /* Utilities.swift in Sources */ = {isa = PBXBuildFile; fileRef = 0149B34B2470D19C003C35B2 /* Utilities.swift */; };
		0149B34E2470D302003C35B2 /* InitialVC.swift in Sources */ = {isa = PBXBuildFile; fileRef = 0149B34D2470D302003C35B2 /* InitialVC.swift */; };
		7968782FBDD9B64B44EB964B /* Pods_Speakable.framework in Frameworks */ = {isa = PBXBuildFile; fileRef = 505CEC0C35C8C9998D2D53B9 /* Pods_Speakable.framework */; };
/* End PBXBuildFile section */

/* Begin PBXFileReference section */
		013651292484887F00C3CE6C /* DisplayState.swift */ = {isa = PBXFileReference; lastKnownFileType = sourcecode.swift; path = DisplayState.swift; sourceTree = "<group>"; };
		0136512E248488E000C3CE6C /* Pod.swift */ = {isa = PBXFileReference; lastKnownFileType = sourcecode.swift; path = Pod.swift; sourceTree = "<group>"; };
		01365130248488F200C3CE6C /* Following.swift */ = {isa = PBXFileReference; lastKnownFileType = sourcecode.swift; path = Following.swift; sourceTree = "<group>"; };
		013651322484897D00C3CE6C /* HomeTableViewCell.swift */ = {isa = PBXFileReference; lastKnownFileType = sourcecode.swift; path = HomeTableViewCell.swift; sourceTree = "<group>"; };
		01365134248489BA00C3CE6C /* ProfileTableViewCell.swift */ = {isa = PBXFileReference; lastKnownFileType = sourcecode.swift; path = ProfileTableViewCell.swift; sourceTree = "<group>"; };
		01365136248489F300C3CE6C /* FollowingTableViewCell.swift */ = {isa = PBXFileReference; lastKnownFileType = sourcecode.swift; path = FollowingTableViewCell.swift; sourceTree = "<group>"; };
		0136513A24848CF400C3CE6C /* TabViewController.swift */ = {isa = PBXFileReference; lastKnownFileType = sourcecode.swift; path = TabViewController.swift; sourceTree = "<group>"; };
		0136513E2484907800C3CE6C /* ImageViewExt.swift */ = {isa = PBXFileReference; lastKnownFileType = sourcecode.swift; path = ImageViewExt.swift; sourceTree = "<group>"; };
		013651402484909700C3CE6C /* BottomBorderButton.swift */ = {isa = PBXFileReference; lastKnownFileType = sourcecode.swift; path = BottomBorderButton.swift; sourceTree = "<group>"; };
		0149B32424709563003C35B2 /* Speakable.app */ = {isa = PBXFileReference; explicitFileType = wrapper.application; includeInIndex = 0; path = Speakable.app; sourceTree = BUILT_PRODUCTS_DIR; };
		0149B32724709563003C35B2 /* AppDelegate.swift */ = {isa = PBXFileReference; lastKnownFileType = sourcecode.swift; path = AppDelegate.swift; sourceTree = "<group>"; };
		0149B32924709563003C35B2 /* SceneDelegate.swift */ = {isa = PBXFileReference; lastKnownFileType = sourcecode.swift; path = SceneDelegate.swift; sourceTree = "<group>"; };
		0149B32B24709563003C35B2 /* HomeVC.swift */ = {isa = PBXFileReference; lastKnownFileType = sourcecode.swift; path = HomeVC.swift; sourceTree = "<group>"; };
		0149B32D24709563003C35B2 /* ProfileVc.swift */ = {isa = PBXFileReference; lastKnownFileType = sourcecode.swift; path = ProfileVc.swift; sourceTree = "<group>"; };
		0149B33024709563003C35B2 /* Base */ = {isa = PBXFileReference; lastKnownFileType = file.storyboard; name = Base; path = Base.lproj/Main.storyboard; sourceTree = "<group>"; };
		0149B33224709567003C35B2 /* Assets.xcassets */ = {isa = PBXFileReference; lastKnownFileType = folder.assetcatalog; path = Assets.xcassets; sourceTree = "<group>"; };
		0149B33524709567003C35B2 /* Base */ = {isa = PBXFileReference; lastKnownFileType = file.storyboard; name = Base; path = Base.lproj/LaunchScreen.storyboard; sourceTree = "<group>"; };
		0149B33724709567003C35B2 /* Info.plist */ = {isa = PBXFileReference; lastKnownFileType = text.plist.xml; path = Info.plist; sourceTree = "<group>"; };
		0149B33D24709776003C35B2 /* SearchVC.swift */ = {isa = PBXFileReference; lastKnownFileType = sourcecode.swift; path = SearchVC.swift; sourceTree = "<group>"; };
		0149B341247097F0003C35B2 /* LoginVC.swift */ = {isa = PBXFileReference; lastKnownFileType = sourcecode.swift; path = LoginVC.swift; sourceTree = "<group>"; };
		0149B3432470980A003C35B2 /* AddPostVC.swift */ = {isa = PBXFileReference; lastKnownFileType = sourcecode.swift; path = AddPostVC.swift; sourceTree = "<group>"; };
		0149B3482470D165003C35B2 /* SignupVC.swift */ = {isa = PBXFileReference; lastKnownFileType = sourcecode.swift; path = SignupVC.swift; sourceTree = "<group>"; };
		0149B34B2470D19C003C35B2 /* Utilities.swift */ = {isa = PBXFileReference; lastKnownFileType = sourcecode.swift; path = Utilities.swift; sourceTree = "<group>"; };
		0149B34D2470D302003C35B2 /* InitialVC.swift */ = {isa = PBXFileReference; lastKnownFileType = sourcecode.swift; path = InitialVC.swift; sourceTree = "<group>"; };
		505CEC0C35C8C9998D2D53B9 /* Pods_Speakable.framework */ = {isa = PBXFileReference; explicitFileType = wrapper.framework; includeInIndex = 0; path = Pods_Speakable.framework; sourceTree = BUILT_PRODUCTS_DIR; };
		7CD9925D735CE7AE21CC4FD1 /* Pods-Speakable.release.xcconfig */ = {isa = PBXFileReference; includeInIndex = 1; lastKnownFileType = text.xcconfig; name = "Pods-Speakable.release.xcconfig"; path = "Target Support Files/Pods-Speakable/Pods-Speakable.release.xcconfig"; sourceTree = "<group>"; };
		D467AD2541D6D445FC055203 /* Pods-Speakable.debug.xcconfig */ = {isa = PBXFileReference; includeInIndex = 1; lastKnownFileType = text.xcconfig; name = "Pods-Speakable.debug.xcconfig"; path = "Target Support Files/Pods-Speakable/Pods-Speakable.debug.xcconfig"; sourceTree = "<group>"; };
/* End PBXFileReference section */

/* Begin PBXFrameworksBuildPhase section */
		0149B32124709563003C35B2 /* Frameworks */ = {
			isa = PBXFrameworksBuildPhase;
			buildActionMask = 2147483647;
			files = (
				7968782FBDD9B64B44EB964B /* Pods_Speakable.framework in Frameworks */,
			);
			runOnlyForDeploymentPostprocessing = 0;
		};
/* End PBXFrameworksBuildPhase section */

/* Begin PBXGroup section */
		013651282484886A00C3CE6C /* Enums */ = {
			isa = PBXGroup;
			children = (
				013651292484887F00C3CE6C /* DisplayState.swift */,
			);
			path = Enums;
			sourceTree = "<group>";
		};
		0136512B2484889500C3CE6C /* Supplementary Files */ = {
			isa = PBXGroup;
			children = (
				0149B33424709567003C35B2 /* LaunchScreen.storyboard */,
				0149B32924709563003C35B2 /* SceneDelegate.swift */,
				0149B33224709567003C35B2 /* Assets.xcassets */,
			);
			path = "Supplementary Files";
			sourceTree = "<group>";
		};
		0136512C248488BB00C3CE6C /* Extensions */ = {
			isa = PBXGroup;
			children = (
				0136513E2484907800C3CE6C /* ImageViewExt.swift */,
				013651402484909700C3CE6C /* BottomBorderButton.swift */,
			);
			path = Extensions;
			sourceTree = "<group>";
		};
		0136512D248488D200C3CE6C /* Model */ = {
			isa = PBXGroup;
			children = (
				0136512E248488E000C3CE6C /* Pod.swift */,
				01365130248488F200C3CE6C /* Following.swift */,
			);
			path = Model;
			sourceTree = "<group>";
		};
		0149B31B24709562003C35B2 = {
			isa = PBXGroup;
			children = (
				0149B34F2470D7F3003C35B2 /* Speakable */,
				0149B32524709563003C35B2 /* Products */,
				AD0858D922C138E0F5DC3F5F /* Pods */,
				77EDA4EECE8A88A0C221798C /* Frameworks */,
			);
			sourceTree = "<group>";
		};
		0149B32524709563003C35B2 /* Products */ = {
			isa = PBXGroup;
			children = (
				0149B32424709563003C35B2 /* Speakable.app */,
			);
			name = Products;
			sourceTree = "<group>";
		};
		0149B3452470980E003C35B2 /* Controller */ = {
			isa = PBXGroup;
			children = (
				0149B32724709563003C35B2 /* AppDelegate.swift */,
				0149B34D2470D302003C35B2 /* InitialVC.swift */,
				0149B3482470D165003C35B2 /* SignupVC.swift */,
				0149B341247097F0003C35B2 /* LoginVC.swift */,
				0149B32B24709563003C35B2 /* HomeVC.swift */,
				0149B3432470980A003C35B2 /* AddPostVC.swift */,
				0149B32D24709563003C35B2 /* ProfileVc.swift */,
				0149B33D24709776003C35B2 /* SearchVC.swift */,
				0136513A24848CF400C3CE6C /* TabViewController.swift */,
			);
			path = Controller;
			sourceTree = "<group>";
		};
		0149B3462470981C003C35B2 /* View */ = {
			isa = PBXGroup;
			children = (
				0149B32F24709563003C35B2 /* Main.storyboard */,
				013651322484897D00C3CE6C /* HomeTableViewCell.swift */,
				01365134248489BA00C3CE6C /* ProfileTableViewCell.swift */,
				01365136248489F300C3CE6C /* FollowingTableViewCell.swift */,
			);
			path = View;
			sourceTree = "<group>";
		};
		0149B34724709826003C35B2 /* Resources */ = {
			isa = PBXGroup;
			children = (
				0149B34B2470D19C003C35B2 /* Utilities.swift */,
			);
			path = Resources;
			sourceTree = "<group>";
		};
		0149B34F2470D7F3003C35B2 /* Speakable */ = {
			isa = PBXGroup;
			children = (
				0149B33724709567003C35B2 /* Info.plist */,
				013651282484886A00C3CE6C /* Enums */,
				0136512D248488D200C3CE6C /* Model */,
				0136512C248488BB00C3CE6C /* Extensions */,
				0136512B2484889500C3CE6C /* Supplementary Files */,
				0149B34724709826003C35B2 /* Resources */,
				0149B3462470981C003C35B2 /* View */,
				0149B3452470980E003C35B2 /* Controller */,
			);
			path = Speakable;
			sourceTree = "<group>";
		};
		77EDA4EECE8A88A0C221798C /* Frameworks */ = {
			isa = PBXGroup;
			children = (
				505CEC0C35C8C9998D2D53B9 /* Pods_Speakable.framework */,
			);
			name = Frameworks;
			sourceTree = "<group>";
		};
		AD0858D922C138E0F5DC3F5F /* Pods */ = {
			isa = PBXGroup;
			children = (
				D467AD2541D6D445FC055203 /* Pods-Speakable.debug.xcconfig */,
				7CD9925D735CE7AE21CC4FD1 /* Pods-Speakable.release.xcconfig */,
			);
			path = Pods;
			sourceTree = "<group>";
		};
/* End PBXGroup section */

/* Begin PBXNativeTarget section */
		0149B32324709563003C35B2 /* Speakable */ = {
			isa = PBXNativeTarget;
			buildConfigurationList = 0149B33A24709567003C35B2 /* Build configuration list for PBXNativeTarget "Speakable" */;
			buildPhases = (
				05BB6736BB7CEB01649FC721 /* [CP] Check Pods Manifest.lock */,
				0149B32024709563003C35B2 /* Sources */,
				0149B32124709563003C35B2 /* Frameworks */,
				0149B32224709563003C35B2 /* Resources */,
				68797744FE51CF53A5060034 /* [CP] Embed Pods Frameworks */,
			);
			buildRules = (
			);
			dependencies = (
			);
			name = Speakable;
			productName = Speakable;
			productReference = 0149B32424709563003C35B2 /* Speakable.app */;
			productType = "com.apple.product-type.application";
		};
/* End PBXNativeTarget section */

/* Begin PBXProject section */
		0149B31C24709562003C35B2 /* Project object */ = {
			isa = PBXProject;
			attributes = {
				LastSwiftUpdateCheck = 1140;
				LastUpgradeCheck = 1140;
				ORGANIZATIONNAME = "Nicolas Guerrero";
				TargetAttributes = {
					0149B32324709563003C35B2 = {
						CreatedOnToolsVersion = 11.4.1;
					};
				};
			};
			buildConfigurationList = 0149B31F24709562003C35B2 /* Build configuration list for PBXProject "Speakable" */;
			compatibilityVersion = "Xcode 9.3";
			developmentRegion = en;
			hasScannedForEncodings = 0;
			knownRegions = (
				en,
				Base,
			);
			mainGroup = 0149B31B24709562003C35B2;
			productRefGroup = 0149B32524709563003C35B2 /* Products */;
			projectDirPath = "";
			projectRoot = "";
			targets = (
				0149B32324709563003C35B2 /* Speakable */,
			);
		};
/* End PBXProject section */

/* Begin PBXResourcesBuildPhase section */
		0149B32224709563003C35B2 /* Resources */ = {
			isa = PBXResourcesBuildPhase;
			buildActionMask = 2147483647;
			files = (
				0149B33624709567003C35B2 /* LaunchScreen.storyboard in Resources */,
				0149B33324709567003C35B2 /* Assets.xcassets in Resources */,
				0149B33124709563003C35B2 /* Main.storyboard in Resources */,
			);
			runOnlyForDeploymentPostprocessing = 0;
		};
/* End PBXResourcesBuildPhase section */

/* Begin PBXShellScriptBuildPhase section */
		05BB6736BB7CEB01649FC721 /* [CP] Check Pods Manifest.lock */ = {
			isa = PBXShellScriptBuildPhase;
			buildActionMask = 2147483647;
			files = (
			);
			inputFileListPaths = (
			);
			inputPaths = (
				"${PODS_PODFILE_DIR_PATH}/Podfile.lock",
				"${PODS_ROOT}/Manifest.lock",
			);
			name = "[CP] Check Pods Manifest.lock";
			outputFileListPaths = (
			);
			outputPaths = (
				"$(DERIVED_FILE_DIR)/Pods-Speakable-checkManifestLockResult.txt",
			);
			runOnlyForDeploymentPostprocessing = 0;
			shellPath = /bin/sh;
			shellScript = "diff \"${PODS_PODFILE_DIR_PATH}/Podfile.lock\" \"${PODS_ROOT}/Manifest.lock\" > /dev/null\nif [ $? != 0 ] ; then\n    # print error to STDERR\n    echo \"error: The sandbox is not in sync with the Podfile.lock. Run 'pod install' or update your CocoaPods installation.\" >&2\n    exit 1\nfi\n# This output is used by Xcode 'outputs' to avoid re-running this script phase.\necho \"SUCCESS\" > \"${SCRIPT_OUTPUT_FILE_0}\"\n";
			showEnvVarsInLog = 0;
		};
		68797744FE51CF53A5060034 /* [CP] Embed Pods Frameworks */ = {
			isa = PBXShellScriptBuildPhase;
			buildActionMask = 2147483647;
			files = (
			);
			inputFileListPaths = (
				"${PODS_ROOT}/Target Support Files/Pods-Speakable/Pods-Speakable-frameworks-${CONFIGURATION}-input-files.xcfilelist",
			);
			name = "[CP] Embed Pods Frameworks";
			outputFileListPaths = (
				"${PODS_ROOT}/Target Support Files/Pods-Speakable/Pods-Speakable-frameworks-${CONFIGURATION}-output-files.xcfilelist",
			);
			runOnlyForDeploymentPostprocessing = 0;
			shellPath = /bin/sh;
			shellScript = "\"${PODS_ROOT}/Target Support Files/Pods-Speakable/Pods-Speakable-frameworks.sh\"\n";
			showEnvVarsInLog = 0;
		};
/* End PBXShellScriptBuildPhase section */

/* Begin PBXSourcesBuildPhase section */
		0149B32024709563003C35B2 /* Sources */ = {
			isa = PBXSourcesBuildPhase;
			buildActionMask = 2147483647;
			files = (
				0149B3442470980A003C35B2 /* AddPostVC.swift in Sources */,
				01365131248488F200C3CE6C /* Following.swift in Sources */,
				013651412484909700C3CE6C /* BottomBorderButton.swift in Sources */,
				0149B32E24709563003C35B2 /* ProfileVc.swift in Sources */,
				0149B3492470D165003C35B2 /* SignupVC.swift in Sources */,
				0136512F248488E000C3CE6C /* Pod.swift in Sources */,
				013651332484897D00C3CE6C /* HomeTableViewCell.swift in Sources */,
				0136513B24848CF400C3CE6C /* TabViewController.swift in Sources */,
				0136512A2484887F00C3CE6C /* DisplayState.swift in Sources */,
				0149B342247097F0003C35B2 /* LoginVC.swift in Sources */,
				01365135248489BA00C3CE6C /* ProfileTableViewCell.swift in Sources */,
				0136513F2484907800C3CE6C /* ImageViewExt.swift in Sources */,
				0149B33E24709776003C35B2 /* SearchVC.swift in Sources */,
				0149B32C24709563003C35B2 /* HomeVC.swift in Sources */,
				0149B34E2470D302003C35B2 /* InitialVC.swift in Sources */,
				0149B32824709563003C35B2 /* AppDelegate.swift in Sources */,
				0149B34C2470D19C003C35B2 /* Utilities.swift in Sources */,
				01365137248489F300C3CE6C /* FollowingTableViewCell.swift in Sources */,
				0149B32A24709563003C35B2 /* SceneDelegate.swift in Sources */,
			);
			runOnlyForDeploymentPostprocessing = 0;
		};
/* End PBXSourcesBuildPhase section */

/* Begin PBXVariantGroup section */
		0149B32F24709563003C35B2 /* Main.storyboard */ = {
			isa = PBXVariantGroup;
			children = (
				0149B33024709563003C35B2 /* Base */,
			);
			name = Main.storyboard;
			sourceTree = "<group>";
		};
		0149B33424709567003C35B2 /* LaunchScreen.storyboard */ = {
			isa = PBXVariantGroup;
			children = (
				0149B33524709567003C35B2 /* Base */,
			);
			name = LaunchScreen.storyboard;
			sourceTree = "<group>";
		};
/* End PBXVariantGroup section */

/* Begin XCBuildConfiguration section */
		0149B33824709567003C35B2 /* Debug */ = {
			isa = XCBuildConfiguration;
			buildSettings = {
				ALWAYS_SEARCH_USER_PATHS = NO;
				CLANG_ANALYZER_NONNULL = YES;
				CLANG_ANALYZER_NUMBER_OBJECT_CONVERSION = YES_AGGRESSIVE;
				CLANG_CXX_LANGUAGE_STANDARD = "gnu++14";
				CLANG_CXX_LIBRARY = "libc++";
				CLANG_ENABLE_MODULES = YES;
				CLANG_ENABLE_OBJC_ARC = YES;
				CLANG_ENABLE_OBJC_WEAK = YES;
				CLANG_WARN_BLOCK_CAPTURE_AUTORELEASING = YES;
				CLANG_WARN_BOOL_CONVERSION = YES;
				CLANG_WARN_COMMA = YES;
				CLANG_WARN_CONSTANT_CONVERSION = YES;
				CLANG_WARN_DEPRECATED_OBJC_IMPLEMENTATIONS = YES;
				CLANG_WARN_DIRECT_OBJC_ISA_USAGE = YES_ERROR;
				CLANG_WARN_DOCUMENTATION_COMMENTS = YES;
				CLANG_WARN_EMPTY_BODY = YES;
				CLANG_WARN_ENUM_CONVERSION = YES;
				CLANG_WARN_INFINITE_RECURSION = YES;
				CLANG_WARN_INT_CONVERSION = YES;
				CLANG_WARN_NON_LITERAL_NULL_CONVERSION = YES;
				CLANG_WARN_OBJC_IMPLICIT_RETAIN_SELF = YES;
				CLANG_WARN_OBJC_LITERAL_CONVERSION = YES;
				CLANG_WARN_OBJC_ROOT_CLASS = YES_ERROR;
				CLANG_WARN_RANGE_LOOP_ANALYSIS = YES;
				CLANG_WARN_STRICT_PROTOTYPES = YES;
				CLANG_WARN_SUSPICIOUS_MOVE = YES;
				CLANG_WARN_UNGUARDED_AVAILABILITY = YES_AGGRESSIVE;
				CLANG_WARN_UNREACHABLE_CODE = YES;
				CLANG_WARN__DUPLICATE_METHOD_MATCH = YES;
				COPY_PHASE_STRIP = NO;
				DEBUG_INFORMATION_FORMAT = dwarf;
				ENABLE_STRICT_OBJC_MSGSEND = YES;
				ENABLE_TESTABILITY = YES;
				GCC_C_LANGUAGE_STANDARD = gnu11;
				GCC_DYNAMIC_NO_PIC = NO;
				GCC_NO_COMMON_BLOCKS = YES;
				GCC_OPTIMIZATION_LEVEL = 0;
				GCC_PREPROCESSOR_DEFINITIONS = (
					"DEBUG=1",
					"$(inherited)",
				);
				GCC_WARN_64_TO_32_BIT_CONVERSION = YES;
				GCC_WARN_ABOUT_RETURN_TYPE = YES_ERROR;
				GCC_WARN_UNDECLARED_SELECTOR = YES;
				GCC_WARN_UNINITIALIZED_AUTOS = YES_AGGRESSIVE;
				GCC_WARN_UNUSED_FUNCTION = YES;
				GCC_WARN_UNUSED_VARIABLE = YES;
				IPHONEOS_DEPLOYMENT_TARGET = 13.4;
				MTL_ENABLE_DEBUG_INFO = INCLUDE_SOURCE;
				MTL_FAST_MATH = YES;
				ONLY_ACTIVE_ARCH = YES;
				SDKROOT = iphoneos;
				SWIFT_ACTIVE_COMPILATION_CONDITIONS = DEBUG;
				SWIFT_OPTIMIZATION_LEVEL = "-Onone";
			};
			name = Debug;
		};
		0149B33924709567003C35B2 /* Release */ = {
			isa = XCBuildConfiguration;
			buildSettings = {
				ALWAYS_SEARCH_USER_PATHS = NO;
				CLANG_ANALYZER_NONNULL = YES;
				CLANG_ANALYZER_NUMBER_OBJECT_CONVERSION = YES_AGGRESSIVE;
				CLANG_CXX_LANGUAGE_STANDARD = "gnu++14";
				CLANG_CXX_LIBRARY = "libc++";
				CLANG_ENABLE_MODULES = YES;
				CLANG_ENABLE_OBJC_ARC = YES;
				CLANG_ENABLE_OBJC_WEAK = YES;
				CLANG_WARN_BLOCK_CAPTURE_AUTORELEASING = YES;
				CLANG_WARN_BOOL_CONVERSION = YES;
				CLANG_WARN_COMMA = YES;
				CLANG_WARN_CONSTANT_CONVERSION = YES;
				CLANG_WARN_DEPRECATED_OBJC_IMPLEMENTATIONS = YES;
				CLANG_WARN_DIRECT_OBJC_ISA_USAGE = YES_ERROR;
				CLANG_WARN_DOCUMENTATION_COMMENTS = YES;
				CLANG_WARN_EMPTY_BODY = YES;
				CLANG_WARN_ENUM_CONVERSION = YES;
				CLANG_WARN_INFINITE_RECURSION = YES;
				CLANG_WARN_INT_CONVERSION = YES;
				CLANG_WARN_NON_LITERAL_NULL_CONVERSION = YES;
				CLANG_WARN_OBJC_IMPLICIT_RETAIN_SELF = YES;
				CLANG_WARN_OBJC_LITERAL_CONVERSION = YES;
				CLANG_WARN_OBJC_ROOT_CLASS = YES_ERROR;
				CLANG_WARN_RANGE_LOOP_ANALYSIS = YES;
				CLANG_WARN_STRICT_PROTOTYPES = YES;
				CLANG_WARN_SUSPICIOUS_MOVE = YES;
				CLANG_WARN_UNGUARDED_AVAILABILITY = YES_AGGRESSIVE;
				CLANG_WARN_UNREACHABLE_CODE = YES;
				CLANG_WARN__DUPLICATE_METHOD_MATCH = YES;
				COPY_PHASE_STRIP = NO;
				DEBUG_INFORMATION_FORMAT = "dwarf-with-dsym";
				ENABLE_NS_ASSERTIONS = NO;
				ENABLE_STRICT_OBJC_MSGSEND = YES;
				GCC_C_LANGUAGE_STANDARD = gnu11;
				GCC_NO_COMMON_BLOCKS = YES;
				GCC_WARN_64_TO_32_BIT_CONVERSION = YES;
				GCC_WARN_ABOUT_RETURN_TYPE = YES_ERROR;
				GCC_WARN_UNDECLARED_SELECTOR = YES;
				GCC_WARN_UNINITIALIZED_AUTOS = YES_AGGRESSIVE;
				GCC_WARN_UNUSED_FUNCTION = YES;
				GCC_WARN_UNUSED_VARIABLE = YES;
				IPHONEOS_DEPLOYMENT_TARGET = 13.4;
				MTL_ENABLE_DEBUG_INFO = NO;
				MTL_FAST_MATH = YES;
				SDKROOT = iphoneos;
				SWIFT_COMPILATION_MODE = wholemodule;
				SWIFT_OPTIMIZATION_LEVEL = "-O";
				VALIDATE_PRODUCT = YES;
			};
			name = Release;
		};
		0149B33B24709567003C35B2 /* Debug */ = {
			isa = XCBuildConfiguration;
			baseConfigurationReference = D467AD2541D6D445FC055203 /* Pods-Speakable.debug.xcconfig */;
			buildSettings = {
				ASSETCATALOG_COMPILER_APPICON_NAME = AppIcon;
				CODE_SIGN_STYLE = Automatic;
				DEVELOPMENT_TEAM = SCQ55TP7CB;
				INFOPLIST_FILE = Speakable/Info.plist;
				LD_RUNPATH_SEARCH_PATHS = (
					"$(inherited)",
					"@executable_path/Frameworks",
				);
				PRODUCT_BUNDLE_IDENTIFIER = guerrero.Speakable;
				PRODUCT_NAME = "$(TARGET_NAME)";
				SWIFT_VERSION = 5.0;
				TARGETED_DEVICE_FAMILY = 1;
			};
			name = Debug;
		};
		0149B33C24709567003C35B2 /* Release */ = {
			isa = XCBuildConfiguration;
			baseConfigurationReference = 7CD9925D735CE7AE21CC4FD1 /* Pods-Speakable.release.xcconfig */;
			buildSettings = {
				ASSETCATALOG_COMPILER_APPICON_NAME = AppIcon;
				CODE_SIGN_STYLE = Automatic;
				DEVELOPMENT_TEAM = SCQ55TP7CB;
				INFOPLIST_FILE = Speakable/Info.plist;
				LD_RUNPATH_SEARCH_PATHS = (
					"$(inherited)",
					"@executable_path/Frameworks",
				);
				PRODUCT_BUNDLE_IDENTIFIER = guerrero.Speakable;
				PRODUCT_NAME = "$(TARGET_NAME)";
				SWIFT_VERSION = 5.0;
				TARGETED_DEVICE_FAMILY = 1;
			};
			name = Release;
		};
/* End XCBuildConfiguration section */

/* Begin XCConfigurationList section */
		0149B31F24709562003C35B2 /* Build configuration list for PBXProject "Speakable" */ = {
			isa = XCConfigurationList;
			buildConfigurations = (
				0149B33824709567003C35B2 /* Debug */,
				0149B33924709567003C35B2 /* Release */,
			);
			defaultConfigurationIsVisible = 0;
			defaultConfigurationName = Release;
		};
		0149B33A24709567003C35B2 /* Build configuration list for PBXNativeTarget "Speakable" */ = {
			isa = XCConfigurationList;
			buildConfigurations = (
				0149B33B24709567003C35B2 /* Debug */,
				0149B33C24709567003C35B2 /* Release */,
			);
			defaultConfigurationIsVisible = 0;
			defaultConfigurationName = Release;
		};
/* End XCConfigurationList section */
	};
	rootObject = 0149B31C24709562003C35B2 /* Project object */;
}
